<?xml version="1.0" encoding="utf-8"?>
<Project ToolsVersion="4.0" xmlns="http://schemas.microsoft.com/developer/msbuild/2003">
  <ItemGroup>
    <Filter Include="Source Files">
      <UniqueIdentifier>{4FC737F1-C7A5-4376-A066-2A32D752A2FF}</UniqueIdentifier>
      <Extensions>cpp;c;cc;cxx;def;odl;idl;hpj;bat;asm;asmx</Extensions>
    </Filter>
    <Filter Include="Server">
      <UniqueIdentifier>{affc0a7d-2ace-4d8a-8f86-ad1d5cdd50c7}</UniqueIdentifier>
    </Filter>
    <Filter Include="Tools">
      <UniqueIdentifier>{f9767d91-d422-43c8-b3bf-18390c3e5085}</UniqueIdentifier>
    </Filter>
    <Filter Include="Packets">
      <UniqueIdentifier>{48853254-cffb-4501-93f4-f4dc08c77eb2}</UniqueIdentifier>
    </Filter>
    <Filter Include="Packets\impl">
      <UniqueIdentifier>{12a7c16d-d5aa-4bac-8508-5d7b970210fc}</UniqueIdentifier>
    </Filter>
  </ItemGroup>
  <ItemGroup>
    <ClCompile Include="server\Accounts.cpp">
      <Filter>Server</Filter>
    </ClCompile>
    <ClCompile Include="server\Client.cpp">
      <Filter>Server</Filter>
    </ClCompile>
    <ClCompile Include="server\Clients.cpp">
      <Filter>Server</Filter>
    </ClCompile>
    <ClCompile Include="server\Protocol.cpp">
      <Filter>Server</Filter>
    </ClCompile>
    <ClCompile Include="server\Server.cpp">
      <Filter>Server</Filter>
    </ClCompile>
    <ClCompile Include="server\TcpClient.cpp">
      <Filter>Server</Filter>
    </ClCompile>
    <ClCompile Include="server\TcpServer.cpp">
      <Filter>Server</Filter>
    </ClCompile>
    <ClCompile Include="server\Thread.cpp">
      <Filter>Server</Filter>
    </ClCompile>
    <ClCompile Include="server\UdpServer.cpp">
      <Filter>Server</Filter>
    </ClCompile>
    <ClCompile Include="main.cpp">
      <Filter>Source Files</Filter>
    </ClCompile>
    <ClCompile Include="tools\alloc_buffer.cpp">
      <Filter>Tools</Filter>
    </ClCompile>
    <ClCompile Include="packets\impl\packets.pb.cc">
      <Filter>Packets\impl</Filter>
    </ClCompile>
  </ItemGroup>
  <ItemGroup>
    <ClInclude Include="server\Accounts.h">
      <Filter>Server</Filter>
    </ClInclude>
    <ClInclude Include="server\Client.h">
      <Filter>Server</Filter>
    </ClInclude>
    <ClInclude Include="server\Clients.h">
      <Filter>Server</Filter>
    </ClInclude>
    <ClInclude Include="server\Config.h">
      <Filter>Server</Filter>
    </ClInclude>
    <ClInclude Include="server\NoCopy.h">
      <Filter>Server</Filter>
    </ClInclude>
    <ClInclude Include="server\Protocol.h">
      <Filter>Server</Filter>
    </ClInclude>
    <ClInclude Include="server\Server.h">
      <Filter>Server</Filter>
    </ClInclude>
    <ClInclude Include="server\TcpClient.h">
      <Filter>Server</Filter>
    </ClInclude>
    <ClInclude Include="server\TcpServer.h">
      <Filter>Server</Filter>
    </ClInclude>
    <ClInclude Include="server\Thread.h">
      <Filter>Server</Filter>
    </ClInclude>
    <ClInclude Include="server\UdpServer.h">
      <Filter>Server</Filter>
    </ClInclude>
    <ClInclude Include="tools\alloc_buffer.h">
      <Filter>Tools</Filter>
    </ClInclude>
    <ClInclude Include="tools\array_deleter.h">
      <Filter>Tools</Filter>
    </ClInclude>
    <ClInclude Include="tools\easylogging++.h">
      <Filter>Tools</Filter>
    </ClInclude>
    <ClInclude Include="tools\free_deleter.h">
      <Filter>Tools</Filter>
    </ClInclude>
    <ClInclude Include="packets\impl\packets.pb.h">
      <Filter>Packets\impl</Filter>
    </ClInclude>
  </ItemGroup>
  <ItemGroup>
    <None Include="packets\packets.proto">
      <Filter>Packets</Filter>
    </None>
  </ItemGroup>
</Project>